
Microsoft Visual Studio Solution File, Format Version 12.00
# Visual Studio Version 16
VisualStudioVersion = 16.0.30611.23
MinimumVisualStudioVersion = 10.0.40219.1
Project("{FAE04EC0-301F-11D3-BF4B-00C04F79EFBC}") = "NewProductOne", "NewProductOne.csproj", "{59369DBA-A16B-4B27-8624-DABBC05253AF}"
EndProject
Global
	GlobalSection(SolutionConfigurationPlatforms) = preSolution
		Debug|Any CPU = Debug|Any CPU
		Release|Any CPU = Release|Any CPU
	EndGlobalSection
	GlobalSection(ProjectConfigurationPlatforms) = postSolution
		{59369DBA-A16B-4B27-8624-DABBC05253AF}.Debug|Any CPU.ActiveCfg = Debug|Any CPU
		{59369DBA-A16B-4B27-8624-DABBC05253AF}.Debug|Any CPU.Build.0 = Debug|Any CPU
		{59369DBA-A16B-4B27-8624-DABBC05253AF}.Release|Any CPU.ActiveCfg = Release|Any CPU
		{59369DBA-A16B-4B27-8624-DABBC05253AF}.Release|Any CPU.Build.0 = Release|Any CPU
	EndGlobalSection
	GlobalSection(SolutionProperties) = preSolution
		HideSolutionNode = FALSE
	EndGlobalSection
	GlobalSection(ExtensibilityGlobals) = postSolution
		SolutionGuid = {79BC2F70-BF01-4863-A05B-1A22A69D0E87}
	EndGlobalSection
EndGlobal
