
Microsoft Visual Studio Solution File, Format Version 12.00
# Visual Studio Version 16
VisualStudioVersion = 16.0.30611.23
MinimumVisualStudioVersion = 10.0.40219.1
Project("{FAE04EC0-301F-11D3-BF4B-00C04F79EFBC}") = "AccountManagemeentSystem", "AccountManagemeentSystem.csproj", "{FBF02A0F-C535-47A9-AB68-8A27EB129B01}"
EndProject
Global
	GlobalSection(SolutionConfigurationPlatforms) = preSolution
		Debug|Any CPU = Debug|Any CPU
		Release|Any CPU = Release|Any CPU
	EndGlobalSection
	GlobalSection(ProjectConfigurationPlatforms) = postSolution
		{FBF02A0F-C535-47A9-AB68-8A27EB129B01}.Debug|Any CPU.ActiveCfg = Debug|Any CPU
		{FBF02A0F-C535-47A9-AB68-8A27EB129B01}.Debug|Any CPU.Build.0 = Debug|Any CPU
		{FBF02A0F-C535-47A9-AB68-8A27EB129B01}.Release|Any CPU.ActiveCfg = Release|Any CPU
		{FBF02A0F-C535-47A9-AB68-8A27EB129B01}.Release|Any CPU.Build.0 = Release|Any CPU
	EndGlobalSection
	GlobalSection(SolutionProperties) = preSolution
		HideSolutionNode = FALSE
	EndGlobalSection
	GlobalSection(ExtensibilityGlobals) = postSolution
		SolutionGuid = {A99FA74B-32BA-4A1A-9569-693AAE94923C}
	EndGlobalSection
EndGlobal
